
Microsoft Visual Studio Solution File, Format Version 12.00
# Visual Studio Version 17
VisualStudioVersion = 17.14.37012.4 d17.14
MinimumVisualStudioVersion = 10.0.40219.1
Project("{FAE04EC0-301F-11D3-BF4B-00C04F79EFBC}") = "SHSM_ClientApp", "SHSM_ClientApp.csproj", "{6DB607B7-FEE0-A450-0D0C-6D003957554E}"
EndProject
Project("{FAE04EC0-301F-11D3-BF4B-00C04F79EFBC}") = "SHSM_ClientApp.Desktop", "..\SHSM_ClientApp.Desktop\SHSM_ClientApp.Desktop.csproj", "{F66BC68B-F3AE-38D6-DD53-24E7D227C347}"
EndProject
Global
	GlobalSection(SolutionConfigurationPlatforms) = preSolution
		Debug|Any CPU = Debug|Any CPU
		Release|Any CPU = Release|Any CPU
	EndGlobalSection
	GlobalSection(ProjectConfigurationPlatforms) = postSolution
		{6DB607B7-FEE0-A450-0D0C-6D003957554E}.Debug|Any CPU.ActiveCfg = Debug|Any CPU
		{6DB607B7-FEE0-A450-0D0C-6D003957554E}.Debug|Any CPU.Build.0 = Debug|Any CPU
		{6DB607B7-FEE0-A450-0D0C-6D003957554E}.Release|Any CPU.ActiveCfg = Release|Any CPU
		{6DB607B7-FEE0-A450-0D0C-6D003957554E}.Release|Any CPU.Build.0 = Release|Any CPU
		{F66BC68B-F3AE-38D6-DD53-24E7D227C347}.Debug|Any CPU.ActiveCfg = Debug|Any CPU
		{F66BC68B-F3AE-38D6-DD53-24E7D227C347}.Debug|Any CPU.Build.0 = Debug|Any CPU
		{F66BC68B-F3AE-38D6-DD53-24E7D227C347}.Release|Any CPU.ActiveCfg = Release|Any CPU
		{F66BC68B-F3AE-38D6-DD53-24E7D227C347}.Release|Any CPU.Build.0 = Release|Any CPU
	EndGlobalSection
	GlobalSection(SolutionProperties) = preSolution
		HideSolutionNode = FALSE
	EndGlobalSection
	GlobalSection(ExtensibilityGlobals) = postSolution
		SolutionGuid = {A1AC7DC1-3A3B-4333-8760-F4B1B559019B}
	EndGlobalSection
EndGlobal
